
Microsoft Visual Studio Solution File, Format Version 12.00
# Visual Studio Version 17
VisualStudioVersion = 17.3.32804.467
MinimumVisualStudioVersion = 10.0.40219.1
Project("{FAE04EC0-301F-11D3-BF4B-00C04F79EFBC}") = "FUSE.NET", "FUSE.NET\FUSE.NET.csproj", "{E3C820AF-AD61-43F3-A74B-B8DF76D9178D}"
EndProject
Project("{8BC9CEB8-8B4A-11D0-8D11-00A0C91BC942}") = "FUSEWrapper", "FUSEWrapper\FUSEWrapper.vcxproj", "{A2E5C5CE-F6E9-4934-96A6-CF443768BFFD}"
EndProject
Global
	GlobalSection(SolutionConfigurationPlatforms) = preSolution
		Debug|Any CPU = Debug|Any CPU
		Debug|x64 = Debug|x64
		Debug|x86 = Debug|x86
		Release|Any CPU = Release|Any CPU
		Release|x64 = Release|x64
		Release|x86 = Release|x86
	EndGlobalSection
	GlobalSection(ProjectConfigurationPlatforms) = postSolution
		{E3C820AF-AD61-43F3-A74B-B8DF76D9178D}.Debug|Any CPU.ActiveCfg = Debug|Any CPU
		{E3C820AF-AD61-43F3-A74B-B8DF76D9178D}.Debug|Any CPU.Build.0 = Debug|Any CPU
		{E3C820AF-AD61-43F3-A74B-B8DF76D9178D}.Debug|x64.ActiveCfg = Debug|Any CPU
		{E3C820AF-AD61-43F3-A74B-B8DF76D9178D}.Debug|x64.Build.0 = Debug|Any CPU
		{E3C820AF-AD61-43F3-A74B-B8DF76D9178D}.Debug|x86.ActiveCfg = Debug|Any CPU
		{E3C820AF-AD61-43F3-A74B-B8DF76D9178D}.Debug|x86.Build.0 = Debug|Any CPU
		{E3C820AF-AD61-43F3-A74B-B8DF76D9178D}.Release|Any CPU.ActiveCfg = Release|Any CPU
		{E3C820AF-AD61-43F3-A74B-B8DF76D9178D}.Release|Any CPU.Build.0 = Release|Any CPU
		{E3C820AF-AD61-43F3-A74B-B8DF76D9178D}.Release|x64.ActiveCfg = Release|Any CPU
		{E3C820AF-AD61-43F3-A74B-B8DF76D9178D}.Release|x64.Build.0 = Release|Any CPU
		{E3C820AF-AD61-43F3-A74B-B8DF76D9178D}.Release|x86.ActiveCfg = Release|Any CPU
		{E3C820AF-AD61-43F3-A74B-B8DF76D9178D}.Release|x86.Build.0 = Release|Any CPU
		{A2E5C5CE-F6E9-4934-96A6-CF443768BFFD}.Debug|Any CPU.ActiveCfg = Debug|x64
		{A2E5C5CE-F6E9-4934-96A6-CF443768BFFD}.Debug|Any CPU.Build.0 = Debug|x64
		{A2E5C5CE-F6E9-4934-96A6-CF443768BFFD}.Debug|x64.ActiveCfg = Debug|x64
		{A2E5C5CE-F6E9-4934-96A6-CF443768BFFD}.Debug|x64.Build.0 = Debug|x64
		{A2E5C5CE-F6E9-4934-96A6-CF443768BFFD}.Debug|x86.ActiveCfg = Debug|Win32
		{A2E5C5CE-F6E9-4934-96A6-CF443768BFFD}.Debug|x86.Build.0 = Debug|Win32
		{A2E5C5CE-F6E9-4934-96A6-CF443768BFFD}.Release|Any CPU.ActiveCfg = Release|x64
		{A2E5C5CE-F6E9-4934-96A6-CF443768BFFD}.Release|Any CPU.Build.0 = Release|x64
		{A2E5C5CE-F6E9-4934-96A6-CF443768BFFD}.Release|x64.ActiveCfg = Release|x64
		{A2E5C5CE-F6E9-4934-96A6-CF443768BFFD}.Release|x64.Build.0 = Release|x64
		{A2E5C5CE-F6E9-4934-96A6-CF443768BFFD}.Release|x86.ActiveCfg = Release|Win32
		{A2E5C5CE-F6E9-4934-96A6-CF443768BFFD}.Release|x86.Build.0 = Release|Win32
	EndGlobalSection
	GlobalSection(SolutionProperties) = preSolution
		HideSolutionNode = FALSE
	EndGlobalSection
	GlobalSection(ExtensibilityGlobals) = postSolution
		SolutionGuid = {F511CAAB-3751-4A0E-A63B-31BF644B12F8}
	EndGlobalSection
EndGlobal
